// !$*UTF8*$!
{
	archiveVersion = 1;
	classes = {
	};
	objectVersion = 50;
	objects = {

/* Begin PBXBuildFile section */
		ADA444062356E25E00D9E25C /* AppDelegate.swift in Sources */ = {isa = PBXBuildFile; fileRef = ADA444052356E25E00D9E25C /* AppDelegate.swift */; };
		ADA444082356E25E00D9E25C /* SceneDelegate.swift in Sources */ = {isa = PBXBuildFile; fileRef = ADA444072356E25E00D9E25C /* SceneDelegate.swift */; };
		ADA4440A2356E25E00D9E25C /* ViewController.swift in Sources */ = {isa = PBXBuildFile; fileRef = ADA444092356E25E00D9E25C /* ViewController.swift */; };
		ADA4440D2356E25E00D9E25C /* Main.storyboard in Resources */ = {isa = PBXBuildFile; fileRef = ADA4440B2356E25E00D9E25C /* Main.storyboard */; };
		ADA4440F2356E26200D9E25C /* Assets.xcassets in Resources */ = {isa = PBXBuildFile; fileRef = ADA4440E2356E26200D9E25C /* Assets.xcassets */; };
		ADA444122356E26200D9E25C /* LaunchScreen.storyboard in Resources */ = {isa = PBXBuildFile; fileRef = ADA444102356E26200D9E25C /* LaunchScreen.storyboard */; };
		ADBBC312235AD94C003D737C /* TodoListTableViewCell.swift in Sources */ = {isa = PBXBuildFile; fileRef = ADBBC311235AD94C003D737C /* TodoListTableViewCell.swift */; };
/* End PBXBuildFile section */

/* Begin PBXFileReference section */
		ADA444022356E25E00D9E25C /* SharedTodoList.app */ = {isa = PBXFileReference; explicitFileType = wrapper.application; includeInIndex = 0; path = SharedTodoList.app; sourceTree = BUILT_PRODUCTS_DIR; };
		ADA444052356E25E00D9E25C /* AppDelegate.swift */ = {isa = PBXFileReference; lastKnownFileType = sourcecode.swift; path = AppDelegate.swift; sourceTree = "<group>"; };
		ADA444072356E25E00D9E25C /* SceneDelegate.swift */ = {isa = PBXFileReference; lastKnownFileType = sourcecode.swift; path = SceneDelegate.swift; sourceTree = "<group>"; };
		ADA444092356E25E00D9E25C /* ViewController.swift */ = {isa = PBXFileReference; lastKnownFileType = sourcecode.swift; path = ViewController.swift; sourceTree = "<group>"; };
		ADA4440C2356E25E00D9E25C /* Base */ = {isa = PBXFileReference; lastKnownFileType = file.storyboard; name = Base; path = Base.lproj/Main.storyboard; sourceTree = "<group>"; };
		ADA4440E2356E26200D9E25C /* Assets.xcassets */ = {isa = PBXFileReference; lastKnownFileType = folder.assetcatalog; path = Assets.xcassets; sourceTree = "<group>"; };
		ADA444112356E26200D9E25C /* Base */ = {isa = PBXFileReference; lastKnownFileType = file.storyboard; name = Base; path = Base.lproj/LaunchScreen.storyboard; sourceTree = "<group>"; };
		ADA444132356E26200D9E25C /* Info.plist */ = {isa = PBXFileReference; lastKnownFileType = text.plist.xml; path = Info.plist; sourceTree = "<group>"; };
		ADBBC311235AD94C003D737C /* TodoListTableViewCell.swift */ = {isa = PBXFileReference; lastKnownFileType = sourcecode.swift; path = TodoListTableViewCell.swift; sourceTree = "<group>"; };
/* End PBXFileReference section */

/* Begin PBXFrameworksBuildPhase section */
		ADA443FF2356E25E00D9E25C /* Frameworks */ = {
			isa = PBXFrameworksBuildPhase;
			buildActionMask = 2147483647;
			files = (
			);
			runOnlyForDeploymentPostprocessing = 0;
		};
/* End PBXFrameworksBuildPhase section */

/* Begin PBXGroup section */
		ADA443F92356E25E00D9E25C = {
			isa = PBXGroup;
			children = (
				ADA444042356E25E00D9E25C /* SharedTodoList */,
				ADA444032356E25E00D9E25C /* Products */,
			);
			sourceTree = "<group>";
		};
		ADA444032356E25E00D9E25C /* Products */ = {
			isa = PBXGroup;
			children = (
				ADA444022356E25E00D9E25C /* SharedTodoList.app */,
			);
			name = Products;
			sourceTree = "<group>";
		};
		ADA444042356E25E00D9E25C /* SharedTodoList */ = {
			isa = PBXGroup;
			children = (
				ADA444052356E25E00D9E25C /* AppDelegate.swift */,
				ADA444072356E25E00D9E25C /* SceneDelegate.swift */,
				ADA444092356E25E00D9E25C /* ViewController.swift */,
				ADA4440B2356E25E00D9E25C /* Main.storyboard */,
				ADBBC311235AD94C003D737C /* TodoListTableViewCell.swift */,
				ADA4440E2356E26200D9E25C /* Assets.xcassets */,
				ADA444102356E26200D9E25C /* LaunchScreen.storyboard */,
				ADA444132356E26200D9E25C /* Info.plist */,
			);
			path = SharedTodoList;
			sourceTree = "<group>";
		};
/* End PBXGroup section */

/* Begin PBXNativeTarget section */
		ADA444012356E25E00D9E25C /* SharedTodoList */ = {
			isa = PBXNativeTarget;
			buildConfigurationList = ADA444162356E26200D9E25C /* Build configuration list for PBXNativeTarget "SharedTodoList" */;
			buildPhases = (
				ADA443FE2356E25E00D9E25C /* Sources */,
				ADA443FF2356E25E00D9E25C /* Frameworks */,
				ADA444002356E25E00D9E25C /* Resources */,
			);
			buildRules = (
			);
			dependencies = (
			);
			name = SharedTodoList;
			productName = SharedTodoList;
			productReference = ADA444022356E25E00D9E25C /* SharedTodoList.app */;
			productType = "com.apple.product-type.application";
		};
/* End PBXNativeTarget section */

/* Begin PBXProject section */
		ADA443FA2356E25E00D9E25C /* Project object */ = {
			isa = PBXProject;
			attributes = {
				LastSwiftUpdateCheck = 1110;
				LastUpgradeCheck = 1110;
				ORGANIZATIONNAME = "Yim YongBin";
				TargetAttributes = {
					ADA444012356E25E00D9E25C = {
						CreatedOnToolsVersion = 11.1;
					};
				};
			};
			buildConfigurationList = ADA443FD2356E25E00D9E25C /* Build configuration list for PBXProject "SharedTodoList" */;
			compatibilityVersion = "Xcode 9.3";
			developmentRegion = en;
			hasScannedForEncodings = 0;
			knownRegions = (
				en,
				Base,
			);
			mainGroup = ADA443F92356E25E00D9E25C;
			productRefGroup = ADA444032356E25E00D9E25C /* Products */;
			projectDirPath = "";
			projectRoot = "";
			targets = (
				ADA444012356E25E00D9E25C /* SharedTodoList */,
			);
		};
/* End PBXProject section */

/* Begin PBXResourcesBuildPhase section */
		ADA444002356E25E00D9E25C /* Resources */ = {
			isa = PBXResourcesBuildPhase;
			buildActionMask = 2147483647;
			files = (
				ADA444122356E26200D9E25C /* LaunchScreen.storyboard in Resources */,
				ADA4440F2356E26200D9E25C /* Assets.xcassets in Resources */,
				ADA4440D2356E25E00D9E25C /* Main.storyboard in Resources */,
			);
			runOnlyForDeploymentPostprocessing = 0;
		};
/* End PBXResourcesBuildPhase section */

/* Begin PBXSourcesBuildPhase section */
		ADA443FE2356E25E00D9E25C /* Sources */ = {
			isa = PBXSourcesBuildPhase;
			buildActionMask = 2147483647;
			files = (
				ADA4440A2356E25E00D9E25C /* ViewController.swift in Sources */,
				ADA444062356E25E00D9E25C /* AppDelegate.swift in Sources */,
				ADA444082356E25E00D9E25C /* SceneDelegate.swift in Sources */,
				ADBBC312235AD94C003D737C /* TodoListTableViewCell.swift in Sources */,
			);
			runOnlyForDeploymentPostprocessing = 0;
		};
/* End PBXSourcesBuildPhase section */

/* Begin PBXVariantGroup section */
		ADA4440B2356E25E00D9E25C /* Main.storyboard */ = {
			isa = PBXVariantGroup;
			children = (
				ADA4440C2356E25E00D9E25C /* Base */,
			);
			name = Main.storyboard;
			sourceTree = "<group>";
		};
		ADA444102356E26200D9E25C /* LaunchScreen.storyboard */ = {
			isa = PBXVariantGroup;
			children = (
				ADA444112356E26200D9E25C /* Base */,
			);
			name = LaunchScreen.storyboard;
			sourceTree = "<group>";
		};
/* End PBXVariantGroup section */

/* Begin XCBuildConfiguration section */
		ADA444142356E26200D9E25C /* Debug */ = {
			isa = XCBuildConfiguration;
			buildSettings = {
				ALWAYS_SEARCH_USER_PATHS = NO;
				CLANG_ANALYZER_NONNULL = YES;
				CLANG_ANALYZER_NUMBER_OBJECT_CONVERSION = YES_AGGRESSIVE;
				CLANG_CXX_LANGUAGE_STANDARD = "gnu++14";
				CLANG_CXX_LIBRARY = "libc++";
				CLANG_ENABLE_MODULES = YES;
				CLANG_ENABLE_OBJC_ARC = YES;
				CLANG_ENABLE_OBJC_WEAK = YES;
				CLANG_WARN_BLOCK_CAPTURE_AUTORELEASING = YES;
				CLANG_WARN_BOOL_CONVERSION = YES;
				CLANG_WARN_COMMA = YES;
				CLANG_WARN_CONSTANT_CONVERSION = YES;
				CLANG_WARN_DEPRECATED_OBJC_IMPLEMENTATIONS = YES;
				CLANG_WARN_DIRECT_OBJC_ISA_USAGE = YES_ERROR;
				CLANG_WARN_DOCUMENTATION_COMMENTS = YES;
				CLANG_WARN_EMPTY_BODY = YES;
				CLANG_WARN_ENUM_CONVERSION = YES;
				CLANG_WARN_INFINITE_RECURSION = YES;
				CLANG_WARN_INT_CONVERSION = YES;
				CLANG_WARN_NON_LITERAL_NULL_CONVERSION = YES;
				CLANG_WARN_OBJC_IMPLICIT_RETAIN_SELF = YES;
				CLANG_WARN_OBJC_LITERAL_CONVERSION = YES;
				CLANG_WARN_OBJC_ROOT_CLASS = YES_ERROR;
				CLANG_WARN_RANGE_LOOP_ANALYSIS = YES;
				CLANG_WARN_STRICT_PROTOTYPES = YES;
				CLANG_WARN_SUSPICIOUS_MOVE = YES;
				CLANG_WARN_UNGUARDED_AVAILABILITY = YES_AGGRESSIVE;
				CLANG_WARN_UNREACHABLE_CODE = YES;
				CLANG_WARN__DUPLICATE_METHOD_MATCH = YES;
				COPY_PHASE_STRIP = NO;
				DEBUG_INFORMATION_FORMAT = dwarf;
				ENABLE_STRICT_OBJC_MSGSEND = YES;
				ENABLE_TESTABILITY = YES;
				GCC_C_LANGUAGE_STANDARD = gnu11;
				GCC_DYNAMIC_NO_PIC = NO;
				GCC_NO_COMMON_BLOCKS = YES;
				GCC_OPTIMIZATION_LEVEL = 0;
				GCC_PREPROCESSOR_DEFINITIONS = (
					"DEBUG=1",
					"$(inherited)",
				);
				GCC_WARN_64_TO_32_BIT_CONVERSION = YES;
				GCC_WARN_ABOUT_RETURN_TYPE = YES_ERROR;
				GCC_WARN_UNDECLARED_SELECTOR = YES;
				GCC_WARN_UNINITIALIZED_AUTOS = YES_AGGRESSIVE;
				GCC_WARN_UNUSED_FUNCTION = YES;
				GCC_WARN_UNUSED_VARIABLE = YES;
				IPHONEOS_DEPLOYMENT_TARGET = 13.1;
				MTL_ENABLE_DEBUG_INFO = INCLUDE_SOURCE;
				MTL_FAST_MATH = YES;
				ONLY_ACTIVE_ARCH = YES;
				SDKROOT = iphoneos;
				SWIFT_ACTIVE_COMPILATION_CONDITIONS = DEBUG;
				SWIFT_OPTIMIZATION_LEVEL = "-Onone";
			};
			name = Debug;
		};
		ADA444152356E26200D9E25C /* Release */ = {
			isa = XCBuildConfiguration;
			buildSettings = {
				ALWAYS_SEARCH_USER_PATHS = NO;
				CLANG_ANALYZER_NONNULL = YES;
				CLANG_ANALYZER_NUMBER_OBJECT_CONVERSION = YES_AGGRESSIVE;
				CLANG_CXX_LANGUAGE_STANDARD = "gnu++14";
				CLANG_CXX_LIBRARY = "libc++";
				CLANG_ENABLE_MODULES = YES;
				CLANG_ENABLE_OBJC_ARC = YES;
				CLANG_ENABLE_OBJC_WEAK = YES;
				CLANG_WARN_BLOCK_CAPTURE_AUTORELEASING = YES;
				CLANG_WARN_BOOL_CONVERSION = YES;
				CLANG_WARN_COMMA = YES;
				CLANG_WARN_CONSTANT_CONVERSION = YES;
				CLANG_WARN_DEPRECATED_OBJC_IMPLEMENTATIONS = YES;
				CLANG_WARN_DIRECT_OBJC_ISA_USAGE = YES_ERROR;
				CLANG_WARN_DOCUMENTATION_COMMENTS = YES;
				CLANG_WARN_EMPTY_BODY = YES;
				CLANG_WARN_ENUM_CONVERSION = YES;
				CLANG_WARN_INFINITE_RECURSION = YES;
				CLANG_WARN_INT_CONVERSION = YES;
				CLANG_WARN_NON_LITERAL_NULL_CONVERSION = YES;
				CLANG_WARN_OBJC_IMPLICIT_RETAIN_SELF = YES;
				CLANG_WARN_OBJC_LITERAL_CONVERSION = YES;
				CLANG_WARN_OBJC_ROOT_CLASS = YES_ERROR;
				CLANG_WARN_RANGE_LOOP_ANALYSIS = YES;
				CLANG_WARN_STRICT_PROTOTYPES = YES;
				CLANG_WARN_SUSPICIOUS_MOVE = YES;
				CLANG_WARN_UNGUARDED_AVAILABILITY = YES_AGGRESSIVE;
				CLANG_WARN_UNREACHABLE_CODE = YES;
				CLANG_WARN__DUPLICATE_METHOD_MATCH = YES;
				COPY_PHASE_STRIP = NO;
				DEBUG_INFORMATION_FORMAT = "dwarf-with-dsym";
				ENABLE_NS_ASSERTIONS = NO;
				ENABLE_STRICT_OBJC_MSGSEND = YES;
				GCC_C_LANGUAGE_STANDARD = gnu11;
				GCC_NO_COMMON_BLOCKS = YES;
				GCC_WARN_64_TO_32_BIT_CONVERSION = YES;
				GCC_WARN_ABOUT_RETURN_TYPE = YES_ERROR;
				GCC_WARN_UNDECLARED_SELECTOR = YES;
				GCC_WARN_UNINITIALIZED_AUTOS = YES_AGGRESSIVE;
				GCC_WARN_UNUSED_FUNCTION = YES;
				GCC_WARN_UNUSED_VARIABLE = YES;
				IPHONEOS_DEPLOYMENT_TARGET = 13.1;
				MTL_ENABLE_DEBUG_INFO = NO;
				MTL_FAST_MATH = YES;
				SDKROOT = iphoneos;
				SWIFT_COMPILATION_MODE = wholemodule;
				SWIFT_OPTIMIZATION_LEVEL = "-O";
				VALIDATE_PRODUCT = YES;
			};
			name = Release;
		};
		ADA444172356E26200D9E25C /* Debug */ = {
			isa = XCBuildConfiguration;
			buildSettings = {
				ASSETCATALOG_COMPILER_APPICON_NAME = AppIcon;
				CODE_SIGN_STYLE = Automatic;
				INFOPLIST_FILE = SharedTodoList/Info.plist;
				LD_RUNPATH_SEARCH_PATHS = (
					"$(inherited)",
					"@executable_path/Frameworks",
				);
				PRODUCT_BUNDLE_IDENTIFIER = com.yb.SharedTodoList;
				PRODUCT_NAME = "$(TARGET_NAME)";
				SWIFT_VERSION = 5.0;
				TARGETED_DEVICE_FAMILY = 1;
			};
			name = Debug;
		};
		ADA444182356E26200D9E25C /* Release */ = {
			isa = XCBuildConfiguration;
			buildSettings = {
				ASSETCATALOG_COMPILER_APPICON_NAME = AppIcon;
				CODE_SIGN_STYLE = Automatic;
				INFOPLIST_FILE = SharedTodoList/Info.plist;
				LD_RUNPATH_SEARCH_PATHS = (
					"$(inherited)",
					"@executable_path/Frameworks",
				);
				PRODUCT_BUNDLE_IDENTIFIER = com.yb.SharedTodoList;
				PRODUCT_NAME = "$(TARGET_NAME)";
				SWIFT_VERSION = 5.0;
				TARGETED_DEVICE_FAMILY = 1;
			};
			name = Release;
		};
/* End XCBuildConfiguration section */

/* Begin XCConfigurationList section */
		ADA443FD2356E25E00D9E25C /* Build configuration list for PBXProject "SharedTodoList" */ = {
			isa = XCConfigurationList;
			buildConfigurations = (
				ADA444142356E26200D9E25C /* Debug */,
				ADA444152356E26200D9E25C /* Release */,
			);
			defaultConfigurationIsVisible = 0;
			defaultConfigurationName = Release;
		};
		ADA444162356E26200D9E25C /* Build configuration list for PBXNativeTarget "SharedTodoList" */ = {
			isa = XCConfigurationList;
			buildConfigurations = (
				ADA444172356E26200D9E25C /* Debug */,
				ADA444182356E26200D9E25C /* Release */,
			);
			defaultConfigurationIsVisible = 0;
			defaultConfigurationName = Release;
		};
/* End XCConfigurationList section */
	};
	rootObject = ADA443FA2356E25E00D9E25C /* Project object */;
}
